
Microsoft Visual Studio Solution File, Format Version 12.00
Project("{2150E333-8FDC-42A3-9474-1A3956D46DE8}") = "Presentation", "Presentation", "{C1437B97-1C35-4434-A81E-C0CF33D1920F}"
EndProject
Project("{2150E333-8FDC-42A3-9474-1A3956D46DE8}") = "Application", "Application", "{2AA29E3C-B111-4F0F-9D73-87E6C9D1FF27}"
EndProject
Project("{2150E333-8FDC-42A3-9474-1A3956D46DE8}") = "Core", "Core", "{D3F69992-E040-427A-863E-40FE13475273}"
EndProject
Project("{FAE04EC0-301F-11D3-BF4B-00C04F79EFBC}") = "ChimpSolution.PNMReader", "Source\Application\Core\ChimpSolution.PNMReader\ChimpSolution.PNMReader.csproj", "{EFFCB0C5-DD82-455C-B541-9B41DDB3A220}"
EndProject
Project("{FAE04EC0-301F-11D3-BF4B-00C04F79EFBC}") = "ChimpSolution.API", "Source\Presentation\ChimpSolution.API\ChimpSolution.API.csproj", "{E545AA27-13A5-4D4B-A3A6-39982251C4D9}"
EndProject
Project("{2150E333-8FDC-42A3-9474-1A3956D46DE8}") = "Infrastracture", "Infrastracture", "{E0372AA0-3EFA-41DB-9546-346F6BD86A9D}"
EndProject
Project("{FAE04EC0-301F-11D3-BF4B-00C04F79EFBC}") = "ChimpSolution.Sdk", "Source\Application\Infrastructure\ChimpSolution.Sdk\ChimpSolution.Sdk.csproj", "{8556F319-3E08-4C03-9977-C93D42B68485}"
EndProject
Project("{FAE04EC0-301F-11D3-BF4B-00C04F79EFBC}") = "ChimpSolution.Abstractions", "Source\Application\Infrastructure\ChimpSolution.Abstractions\ChimpSolution.Abstractions.csproj", "{8DEE532E-D6F9-40F1-A8CF-59404B5D75F7}"
EndProject
Project("{FAE04EC0-301F-11D3-BF4B-00C04F79EFBC}") = "ChimpSolution.Extensions", "Source\Application\Core\ChimpSolution.Extensions\ChimpSolution.Extensions.csproj", "{A9A6E000-9869-46EE-ACC9-DABB560118EF}"
EndProject
Project("{FAE04EC0-301F-11D3-BF4B-00C04F79EFBC}") = "ChimpSolution.Common", "Source\Application\Core\ChimpSolution.Common\ChimpSolution.Common.csproj", "{A57D05BA-8FEB-44CC-8C17-8120A9591EB7}"
EndProject
Project("{FAE04EC0-301F-11D3-BF4B-00C04F79EFBC}") = "ChimpSolution.Converters", "Source\Application\Core\ChimpSolution.Converters\ChimpSolution.Converters.csproj", "{BA09FD9D-EF3B-40A7-9C8F-AC004B1330A3}"
EndProject
Project("{FAE04EC0-301F-11D3-BF4B-00C04F79EFBC}") = "ChimpSolution.ChannelSplitters", "Source\Application\Core\ChimpSolution.ChannelSplitters\ChimpSolution.ChannelSplitters.csproj", "{0E8E8D99-727E-4CE4-B21B-C9E303D3C70A}"
EndProject
Project("{FAE04EC0-301F-11D3-BF4B-00C04F79EFBC}") = "Histogram", "Source\Application\Core\Histogram\Histogram.csproj", "{01659F0E-0862-4EA4-A242-20812F061B73}"
EndProject
Project("{FAE04EC0-301F-11D3-BF4B-00C04F79EFBC}") = "ChimpSolution.PNGReader", "Source\Application\Core\ChimpSolution.PNGReader\ChimpSolution.PNGReader.csproj", "{33E915D5-50D0-4590-8C91-FBD4D9B32B2A}"
EndProject
Project("{FAE04EC0-301F-11D3-BF4B-00C04F79EFBC}") = "ChimpSolution.Dithering", "Source\Application\Core\ChimpSolution.Dithering\ChimpSolution.Dithering.csproj", "{D8FDB0C6-D7F2-4429-BEA4-5A30F1DA8E67}"
EndProject
Project("{FAE04EC0-301F-11D3-BF4B-00C04F79EFBC}") = "ChimpSolution.GammaCorrection", "Source\Application\Core\ChimpSolution.GammaCorrection\ChimpSolution.GammaCorrection.csproj", "{214819EC-A879-471A-A415-BD8764551394}"
EndProject
Project("{FAE04EC0-301F-11D3-BF4B-00C04F79EFBC}") = "ChimpSolution.LineDrawing", "Source\Application\Core\ChimpSolution.LineDrawing\ChimpSolution.LineDrawing.csproj", "{61651367-B4B2-4266-BEB7-67E809CD6B72}"
EndProject
Project("{FAE04EC0-301F-11D3-BF4B-00C04F79EFBC}") = "Filtering", "Filtering\Filtering.csproj", "{97DD6810-EEA1-4567-AB20-C8BD8C32F82E}"
EndProject
Global
	GlobalSection(SolutionConfigurationPlatforms) = preSolution
		Debug|Any CPU = Debug|Any CPU
		Release|Any CPU = Release|Any CPU
	EndGlobalSection
	GlobalSection(ProjectConfigurationPlatforms) = postSolution
		{EFFCB0C5-DD82-455C-B541-9B41DDB3A220}.Debug|Any CPU.ActiveCfg = Debug|Any CPU
		{EFFCB0C5-DD82-455C-B541-9B41DDB3A220}.Debug|Any CPU.Build.0 = Debug|Any CPU
		{EFFCB0C5-DD82-455C-B541-9B41DDB3A220}.Release|Any CPU.ActiveCfg = Release|Any CPU
		{EFFCB0C5-DD82-455C-B541-9B41DDB3A220}.Release|Any CPU.Build.0 = Release|Any CPU
		{E545AA27-13A5-4D4B-A3A6-39982251C4D9}.Debug|Any CPU.ActiveCfg = Debug|Any CPU
		{E545AA27-13A5-4D4B-A3A6-39982251C4D9}.Debug|Any CPU.Build.0 = Debug|Any CPU
		{E545AA27-13A5-4D4B-A3A6-39982251C4D9}.Release|Any CPU.ActiveCfg = Release|Any CPU
		{E545AA27-13A5-4D4B-A3A6-39982251C4D9}.Release|Any CPU.Build.0 = Release|Any CPU
		{8556F319-3E08-4C03-9977-C93D42B68485}.Debug|Any CPU.ActiveCfg = Debug|Any CPU
		{8556F319-3E08-4C03-9977-C93D42B68485}.Debug|Any CPU.Build.0 = Debug|Any CPU
		{8556F319-3E08-4C03-9977-C93D42B68485}.Release|Any CPU.ActiveCfg = Release|Any CPU
		{8556F319-3E08-4C03-9977-C93D42B68485}.Release|Any CPU.Build.0 = Release|Any CPU
		{8DEE532E-D6F9-40F1-A8CF-59404B5D75F7}.Debug|Any CPU.ActiveCfg = Debug|Any CPU
		{8DEE532E-D6F9-40F1-A8CF-59404B5D75F7}.Debug|Any CPU.Build.0 = Debug|Any CPU
		{8DEE532E-D6F9-40F1-A8CF-59404B5D75F7}.Release|Any CPU.ActiveCfg = Release|Any CPU
		{8DEE532E-D6F9-40F1-A8CF-59404B5D75F7}.Release|Any CPU.Build.0 = Release|Any CPU
		{A9A6E000-9869-46EE-ACC9-DABB560118EF}.Debug|Any CPU.ActiveCfg = Debug|Any CPU
		{A9A6E000-9869-46EE-ACC9-DABB560118EF}.Debug|Any CPU.Build.0 = Debug|Any CPU
		{A9A6E000-9869-46EE-ACC9-DABB560118EF}.Release|Any CPU.ActiveCfg = Release|Any CPU
		{A9A6E000-9869-46EE-ACC9-DABB560118EF}.Release|Any CPU.Build.0 = Release|Any CPU
		{A57D05BA-8FEB-44CC-8C17-8120A9591EB7}.Debug|Any CPU.ActiveCfg = Debug|Any CPU
		{A57D05BA-8FEB-44CC-8C17-8120A9591EB7}.Debug|Any CPU.Build.0 = Debug|Any CPU
		{A57D05BA-8FEB-44CC-8C17-8120A9591EB7}.Release|Any CPU.ActiveCfg = Release|Any CPU
		{A57D05BA-8FEB-44CC-8C17-8120A9591EB7}.Release|Any CPU.Build.0 = Release|Any CPU
		{BA09FD9D-EF3B-40A7-9C8F-AC004B1330A3}.Debug|Any CPU.ActiveCfg = Debug|Any CPU
		{BA09FD9D-EF3B-40A7-9C8F-AC004B1330A3}.Debug|Any CPU.Build.0 = Debug|Any CPU
		{BA09FD9D-EF3B-40A7-9C8F-AC004B1330A3}.Release|Any CPU.ActiveCfg = Release|Any CPU
		{BA09FD9D-EF3B-40A7-9C8F-AC004B1330A3}.Release|Any CPU.Build.0 = Release|Any CPU
		{0E8E8D99-727E-4CE4-B21B-C9E303D3C70A}.Debug|Any CPU.ActiveCfg = Debug|Any CPU
		{0E8E8D99-727E-4CE4-B21B-C9E303D3C70A}.Debug|Any CPU.Build.0 = Debug|Any CPU
		{0E8E8D99-727E-4CE4-B21B-C9E303D3C70A}.Release|Any CPU.ActiveCfg = Release|Any CPU
		{0E8E8D99-727E-4CE4-B21B-C9E303D3C70A}.Release|Any CPU.Build.0 = Release|Any CPU
		{01659F0E-0862-4EA4-A242-20812F061B73}.Debug|Any CPU.ActiveCfg = Debug|Any CPU
		{01659F0E-0862-4EA4-A242-20812F061B73}.Debug|Any CPU.Build.0 = Debug|Any CPU
		{01659F0E-0862-4EA4-A242-20812F061B73}.Release|Any CPU.ActiveCfg = Release|Any CPU
		{01659F0E-0862-4EA4-A242-20812F061B73}.Release|Any CPU.Build.0 = Release|Any CPU
		{33E915D5-50D0-4590-8C91-FBD4D9B32B2A}.Debug|Any CPU.ActiveCfg = Debug|Any CPU
		{33E915D5-50D0-4590-8C91-FBD4D9B32B2A}.Debug|Any CPU.Build.0 = Debug|Any CPU
		{33E915D5-50D0-4590-8C91-FBD4D9B32B2A}.Release|Any CPU.ActiveCfg = Release|Any CPU
		{33E915D5-50D0-4590-8C91-FBD4D9B32B2A}.Release|Any CPU.Build.0 = Release|Any CPU
		{D8FDB0C6-D7F2-4429-BEA4-5A30F1DA8E67}.Debug|Any CPU.ActiveCfg = Debug|Any CPU
		{D8FDB0C6-D7F2-4429-BEA4-5A30F1DA8E67}.Debug|Any CPU.Build.0 = Debug|Any CPU
		{D8FDB0C6-D7F2-4429-BEA4-5A30F1DA8E67}.Release|Any CPU.ActiveCfg = Release|Any CPU
		{D8FDB0C6-D7F2-4429-BEA4-5A30F1DA8E67}.Release|Any CPU.Build.0 = Release|Any CPU
		{214819EC-A879-471A-A415-BD8764551394}.Debug|Any CPU.ActiveCfg = Debug|Any CPU
		{214819EC-A879-471A-A415-BD8764551394}.Debug|Any CPU.Build.0 = Debug|Any CPU
		{214819EC-A879-471A-A415-BD8764551394}.Release|Any CPU.ActiveCfg = Release|Any CPU
		{214819EC-A879-471A-A415-BD8764551394}.Release|Any CPU.Build.0 = Release|Any CPU
		{61651367-B4B2-4266-BEB7-67E809CD6B72}.Debug|Any CPU.ActiveCfg = Debug|Any CPU
		{61651367-B4B2-4266-BEB7-67E809CD6B72}.Debug|Any CPU.Build.0 = Debug|Any CPU
		{61651367-B4B2-4266-BEB7-67E809CD6B72}.Release|Any CPU.ActiveCfg = Release|Any CPU
		{61651367-B4B2-4266-BEB7-67E809CD6B72}.Release|Any CPU.Build.0 = Release|Any CPU
		{97DD6810-EEA1-4567-AB20-C8BD8C32F82E}.Debug|Any CPU.ActiveCfg = Debug|Any CPU
		{97DD6810-EEA1-4567-AB20-C8BD8C32F82E}.Debug|Any CPU.Build.0 = Debug|Any CPU
		{97DD6810-EEA1-4567-AB20-C8BD8C32F82E}.Release|Any CPU.ActiveCfg = Release|Any CPU
		{97DD6810-EEA1-4567-AB20-C8BD8C32F82E}.Release|Any CPU.Build.0 = Release|Any CPU
	EndGlobalSection
	GlobalSection(NestedProjects) = preSolution
		{D3F69992-E040-427A-863E-40FE13475273} = {2AA29E3C-B111-4F0F-9D73-87E6C9D1FF27}
		{EFFCB0C5-DD82-455C-B541-9B41DDB3A220} = {D3F69992-E040-427A-863E-40FE13475273}
		{E545AA27-13A5-4D4B-A3A6-39982251C4D9} = {C1437B97-1C35-4434-A81E-C0CF33D1920F}
		{E0372AA0-3EFA-41DB-9546-346F6BD86A9D} = {2AA29E3C-B111-4F0F-9D73-87E6C9D1FF27}
		{8556F319-3E08-4C03-9977-C93D42B68485} = {E0372AA0-3EFA-41DB-9546-346F6BD86A9D}
		{8DEE532E-D6F9-40F1-A8CF-59404B5D75F7} = {E0372AA0-3EFA-41DB-9546-346F6BD86A9D}
		{A9A6E000-9869-46EE-ACC9-DABB560118EF} = {D3F69992-E040-427A-863E-40FE13475273}
		{A57D05BA-8FEB-44CC-8C17-8120A9591EB7} = {D3F69992-E040-427A-863E-40FE13475273}
		{BA09FD9D-EF3B-40A7-9C8F-AC004B1330A3} = {D3F69992-E040-427A-863E-40FE13475273}
		{0E8E8D99-727E-4CE4-B21B-C9E303D3C70A} = {D3F69992-E040-427A-863E-40FE13475273}
		{01659F0E-0862-4EA4-A242-20812F061B73} = {D3F69992-E040-427A-863E-40FE13475273}
		{33E915D5-50D0-4590-8C91-FBD4D9B32B2A} = {D3F69992-E040-427A-863E-40FE13475273}
		{D8FDB0C6-D7F2-4429-BEA4-5A30F1DA8E67} = {D3F69992-E040-427A-863E-40FE13475273}
		{214819EC-A879-471A-A415-BD8764551394} = {D3F69992-E040-427A-863E-40FE13475273}
		{61651367-B4B2-4266-BEB7-67E809CD6B72} = {D3F69992-E040-427A-863E-40FE13475273}
		{97DD6810-EEA1-4567-AB20-C8BD8C32F82E} = {D3F69992-E040-427A-863E-40FE13475273}
	EndGlobalSection
EndGlobal
